
Microsoft Visual Studio Solution File, Format Version 11.00
# Visual Studio 2010
Project("{F184B08F-C81C-45F6-A57F-5ABD9991F28F}") = "EntityFramework_CodeFirst_MultiValue2", "EntityFramework_CodeFirst_MultiValue2.vbproj", "{76F16441-EC5B-4D73-8FAE-9B22388ADD93}"
EndProject
Global
	GlobalSection(SolutionConfigurationPlatforms) = preSolution
		Debug|x86 = Debug|x86
		Release|x86 = Release|x86
	EndGlobalSection
	GlobalSection(ProjectConfigurationPlatforms) = postSolution
		{76F16441-EC5B-4D73-8FAE-9B22388ADD93}.Debug|x86.ActiveCfg = Debug|x86
		{76F16441-EC5B-4D73-8FAE-9B22388ADD93}.Debug|x86.Build.0 = Debug|x86
		{76F16441-EC5B-4D73-8FAE-9B22388ADD93}.Release|x86.ActiveCfg = Release|x86
		{76F16441-EC5B-4D73-8FAE-9B22388ADD93}.Release|x86.Build.0 = Release|x86
	EndGlobalSection
	GlobalSection(SolutionProperties) = preSolution
		HideSolutionNode = FALSE
	EndGlobalSection
EndGlobal
