
Microsoft Visual Studio Solution File, Format Version 11.00
# Visual Studio 2010
Project("{F184B08F-C81C-45F6-A57F-5ABD9991F28F}") = "EntityFramework_CodeFirst_MultiValue2_x64", "EntityFramework_CodeFirst_MultiValue2_x64.vbproj", "{BA26BB65-C3F8-4F09-82A9-46245EC5EA79}"
EndProject
Global
	GlobalSection(SolutionConfigurationPlatforms) = preSolution
		Debug|x64 = Debug|x64
		Debug|x86 = Debug|x86
		Release|x64 = Release|x64
		Release|x86 = Release|x86
	EndGlobalSection
	GlobalSection(ProjectConfigurationPlatforms) = postSolution
		{BA26BB65-C3F8-4F09-82A9-46245EC5EA79}.Debug|x64.ActiveCfg = Debug|x64
		{BA26BB65-C3F8-4F09-82A9-46245EC5EA79}.Debug|x64.Build.0 = Debug|x64
		{BA26BB65-C3F8-4F09-82A9-46245EC5EA79}.Debug|x86.ActiveCfg = Debug|x86
		{BA26BB65-C3F8-4F09-82A9-46245EC5EA79}.Debug|x86.Build.0 = Debug|x86
		{BA26BB65-C3F8-4F09-82A9-46245EC5EA79}.Release|x64.ActiveCfg = Release|x64
		{BA26BB65-C3F8-4F09-82A9-46245EC5EA79}.Release|x64.Build.0 = Release|x64
		{BA26BB65-C3F8-4F09-82A9-46245EC5EA79}.Release|x86.ActiveCfg = Release|x86
		{BA26BB65-C3F8-4F09-82A9-46245EC5EA79}.Release|x86.Build.0 = Release|x86
	EndGlobalSection
	GlobalSection(SolutionProperties) = preSolution
		HideSolutionNode = FALSE
	EndGlobalSection
EndGlobal
