
Microsoft Visual Studio Solution File, Format Version 11.00
# Visual Studio 2010
Project("{F184B08F-C81C-45F6-A57F-5ABD9991F28F}") = "UO_UniSelectList", "UO_UniSelectList.vbproj", "{69C6F314-949A-41AB-B8CE-1B24DD223224}"
EndProject
Global
	GlobalSection(SolutionConfigurationPlatforms) = preSolution
		Debug|x86 = Debug|x86
		Release|x86 = Release|x86
	EndGlobalSection
	GlobalSection(ProjectConfigurationPlatforms) = postSolution
		{69C6F314-949A-41AB-B8CE-1B24DD223224}.Debug|x86.ActiveCfg = Debug|x86
		{69C6F314-949A-41AB-B8CE-1B24DD223224}.Debug|x86.Build.0 = Debug|x86
		{69C6F314-949A-41AB-B8CE-1B24DD223224}.Release|x86.ActiveCfg = Release|x86
		{69C6F314-949A-41AB-B8CE-1B24DD223224}.Release|x86.Build.0 = Release|x86
	EndGlobalSection
	GlobalSection(SolutionProperties) = preSolution
		HideSolutionNode = FALSE
	EndGlobalSection
EndGlobal
