
Microsoft Visual Studio Solution File, Format Version 11.00
# Visual Studio 2010
Project("{F184B08F-C81C-45F6-A57F-5ABD9991F28F}") = "EntityFramework_CodeFirst", "EntityFramework_CodeFirst.vbproj", "{27298EB0-3208-4251-BA78-933612337AD9}"
EndProject
Global
	GlobalSection(SolutionConfigurationPlatforms) = preSolution
		Debug|x86 = Debug|x86
		Release|x86 = Release|x86
	EndGlobalSection
	GlobalSection(ProjectConfigurationPlatforms) = postSolution
		{27298EB0-3208-4251-BA78-933612337AD9}.Debug|x86.ActiveCfg = Debug|x86
		{27298EB0-3208-4251-BA78-933612337AD9}.Debug|x86.Build.0 = Debug|x86
		{27298EB0-3208-4251-BA78-933612337AD9}.Release|x86.ActiveCfg = Release|x86
		{27298EB0-3208-4251-BA78-933612337AD9}.Release|x86.Build.0 = Release|x86
	EndGlobalSection
	GlobalSection(SolutionProperties) = preSolution
		HideSolutionNode = FALSE
	EndGlobalSection
EndGlobal
