
Microsoft Visual Studio Solution File, Format Version 11.00
# Visual Studio 2010
Project("{F184B08F-C81C-45F6-A57F-5ABD9991F28F}") = "EntityFramework_CodeFirst_MultiValue1", "EntityFramework_CodeFirst_MultiValue1.vbproj", "{63B97729-E21F-4AD1-84EA-C5836A00974E}"
EndProject
Global
	GlobalSection(SolutionConfigurationPlatforms) = preSolution
		Debug|x86 = Debug|x86
		Release|x86 = Release|x86
	EndGlobalSection
	GlobalSection(ProjectConfigurationPlatforms) = postSolution
		{63B97729-E21F-4AD1-84EA-C5836A00974E}.Debug|x86.ActiveCfg = Debug|x86
		{63B97729-E21F-4AD1-84EA-C5836A00974E}.Debug|x86.Build.0 = Debug|x86
		{63B97729-E21F-4AD1-84EA-C5836A00974E}.Release|x86.ActiveCfg = Release|x86
		{63B97729-E21F-4AD1-84EA-C5836A00974E}.Release|x86.Build.0 = Release|x86
	EndGlobalSection
	GlobalSection(SolutionProperties) = preSolution
		HideSolutionNode = FALSE
	EndGlobalSection
EndGlobal
