
Microsoft Visual Studio Solution File, Format Version 12.00
# Visual Studio 2012
Project("{FAE04EC0-301F-11D3-BF4B-00C04F79EFBC}") = "DataAdapter", "DataAdapter.csproj", "{8645E3A1-D44F-4406-8528-068E611C3C2B}"
EndProject
Global
	GlobalSection(SolutionConfigurationPlatforms) = preSolution
		Debug|Any CPU = Debug|Any CPU
		Release|Any CPU = Release|Any CPU
	EndGlobalSection
	GlobalSection(ProjectConfigurationPlatforms) = postSolution
		{8645E3A1-D44F-4406-8528-068E611C3C2B}.Debug|Any CPU.ActiveCfg = Debug|Any CPU
		{8645E3A1-D44F-4406-8528-068E611C3C2B}.Debug|Any CPU.Build.0 = Debug|Any CPU
		{8645E3A1-D44F-4406-8528-068E611C3C2B}.Release|Any CPU.ActiveCfg = Release|Any CPU
		{8645E3A1-D44F-4406-8528-068E611C3C2B}.Release|Any CPU.Build.0 = Release|Any CPU
	EndGlobalSection
	GlobalSection(SolutionProperties) = preSolution
		HideSolutionNode = FALSE
	EndGlobalSection
EndGlobal
