
Microsoft Visual Studio Solution File, Format Version 11.00
# Visual Studio 2010
Project("{F184B08F-C81C-45F6-A57F-5ABD9991F28F}") = "EntityFramework_POCO", "EntityFramework_POCO.vbproj", "{AEFCAA0F-C163-48C5-AE6F-8AD5F4627906}"
EndProject
Global
	GlobalSection(SolutionConfigurationPlatforms) = preSolution
		Debug|x86 = Debug|x86
		Release|x86 = Release|x86
	EndGlobalSection
	GlobalSection(ProjectConfigurationPlatforms) = postSolution
		{AEFCAA0F-C163-48C5-AE6F-8AD5F4627906}.Debug|x86.ActiveCfg = Debug|x86
		{AEFCAA0F-C163-48C5-AE6F-8AD5F4627906}.Debug|x86.Build.0 = Debug|x86
		{AEFCAA0F-C163-48C5-AE6F-8AD5F4627906}.Release|x86.ActiveCfg = Release|x86
		{AEFCAA0F-C163-48C5-AE6F-8AD5F4627906}.Release|x86.Build.0 = Release|x86
	EndGlobalSection
	GlobalSection(SolutionProperties) = preSolution
		HideSolutionNode = FALSE
	EndGlobalSection
EndGlobal
