
Microsoft Visual Studio Solution File, Format Version 9.00
# Visual Studio 2005
Project("{F184B08F-C81C-45F6-A57F-5ABD9991F28F}") = "CustomerMaint2005", "CustomerMaint2005\CustomerMaint2005.vbproj", "{BBCD053A-8A26-4CF4-BADB-7CC143CB438A}"
EndProject
Global
	GlobalSection(SolutionConfigurationPlatforms) = preSolution
		Debug|Any CPU = Debug|Any CPU
		Release|Any CPU = Release|Any CPU
	EndGlobalSection
	GlobalSection(ProjectConfigurationPlatforms) = postSolution
		{BBCD053A-8A26-4CF4-BADB-7CC143CB438A}.Debug|Any CPU.ActiveCfg = Debug|Any CPU
		{BBCD053A-8A26-4CF4-BADB-7CC143CB438A}.Debug|Any CPU.Build.0 = Debug|Any CPU
		{BBCD053A-8A26-4CF4-BADB-7CC143CB438A}.Release|Any CPU.ActiveCfg = Release|Any CPU
		{BBCD053A-8A26-4CF4-BADB-7CC143CB438A}.Release|Any CPU.Build.0 = Release|Any CPU
	EndGlobalSection
	GlobalSection(SolutionProperties) = preSolution
		HideSolutionNode = FALSE
	EndGlobalSection
EndGlobal
