
Microsoft Visual Studio Solution File, Format Version 12.00
# Visual Studio 2013
VisualStudioVersion = 12.0.31101.0
MinimumVisualStudioVersion = 10.0.40219.1
Project("{FAE04EC0-301F-11D3-BF4B-00C04F79EFBC}") = "WindowsFormsApplication_Acme_Soap", "WindowsFormsApplication_Acme_Soap\WindowsFormsApplication_Acme_Soap.csproj", "{C99A8E88-6B26-49F3-9694-2D155F3B89EC}"
EndProject
Global
	GlobalSection(SolutionConfigurationPlatforms) = preSolution
		Debug|Any CPU = Debug|Any CPU
		Release|Any CPU = Release|Any CPU
	EndGlobalSection
	GlobalSection(ProjectConfigurationPlatforms) = postSolution
		{C99A8E88-6B26-49F3-9694-2D155F3B89EC}.Debug|Any CPU.ActiveCfg = Debug|Any CPU
		{C99A8E88-6B26-49F3-9694-2D155F3B89EC}.Debug|Any CPU.Build.0 = Debug|Any CPU
		{C99A8E88-6B26-49F3-9694-2D155F3B89EC}.Release|Any CPU.ActiveCfg = Release|Any CPU
		{C99A8E88-6B26-49F3-9694-2D155F3B89EC}.Release|Any CPU.Build.0 = Release|Any CPU
	EndGlobalSection
	GlobalSection(SolutionProperties) = preSolution
		HideSolutionNode = FALSE
	EndGlobalSection
EndGlobal
